{
  "version": 4,
  "terraform_version": "1.1.5",
  "serial": 20,
  "lineage": "31bd9bff-6f7b-5265-143f-1df2675df0b4",
  "outputs": {},
  "resources": [
    {
      "mode": "managed",
      "type": "google_project_iam_custom_role",
      "name": "cloudsql_datascience",
      "provider": "provider[\"registry.terraform.io/hashicorp/google\"]",
      "instances": [
        {
          "schema_version": 0,
          "attributes": {
            "deleted": false,
            "description": "A role used to provision and maintain a CloudSQL instance for the data science team.",
            "id": "projects/ochero-8279/roles/cloudsql_datascience",
            "name": "projects/ochero-8279/roles/cloudsql_datascience",
            "permissions": [
              "cloudsql.backupRuns.create",
              "cloudsql.backupRuns.delete",
              "cloudsql.backupRuns.get",
              "cloudsql.backupRuns.list",
              "cloudsql.databases.create",
              "cloudsql.databases.delete"
            ],
            "project": "ochero-8279",
            "role_id": "cloudsql_datascience",
            "stage": "GA",
            "title": "Data Science DB"
          },
          "sensitive_attributes": [],
          "private": "bnVsbA=="
        }
      ]
    },
    {
      "mode": "managed",
      "type": "google_service_account",
      "name": "cloudsql_sa",
      "provider": "provider[\"registry.terraform.io/hashicorp/google\"]",
      "instances": [
        {
          "schema_version": 0,
          "attributes": {
            "account_id": "cloudsql-datascience",
            "description": "",
            "disabled": false,
            "display_name": "CloudSQL Data-Science Service Account",
            "email": "cloudsql-datascience@ochero-8279.iam.gserviceaccount.com",
            "id": "projects/ochero-8279/serviceAccounts/cloudsql-datascience@ochero-8279.iam.gserviceaccount.com",
            "name": "projects/ochero-8279/serviceAccounts/cloudsql-datascience@ochero-8279.iam.gserviceaccount.com",
            "project": "ochero-8279",
            "timeouts": null,
            "unique_id": "100012407179547462541"
          },
          "sensitive_attributes": [],
          "private": "eyJlMmJmYjczMC1lY2FhLTExZTYtOGY4OC0zNDM2M2JjN2M0YzAiOnsiY3JlYXRlIjozMDAwMDAwMDAwMDB9fQ=="
        }
      ]
    }
  ]
}
